PODS:
  - Anyline (10)
  - anyline_meter_reading (0.0.1):
    - Anyline (= 10)
    - Flutter
  - Flutter (1.0.0)

DEPENDENCIES:
  - anyline_meter_reading (from `.symlinks/plugins/anyline_meter_reading/ios`)
  - Flutter (from `Flutter`)

SPEC REPOS:
  trunk:
    - Anyline

EXTERNAL SOURCES:
  anyline_meter_reading:
    :path: ".symlinks/plugins/anyline_meter_reading/ios"
  Flutter:
    :path: Flutter

SPEC CHECKSUMS:
  Anyline: b2ee36ffa53e787938e460671a2ae75669aeacca
  anyline_meter_reading: a035cc4b8d970ab0f6b048dd4f49a75986394d0a
  Flutter: 0e3d915762c693b495b44d77113d4970485de6ec

PODFILE CHECKSUM: c34e2287a9ccaa606aeceab922830efb9a6ff69a

COCOAPODS: 1.9.3
