PODS:
  - Anyline (7)
  - anyline_meter_reading (0.0.1):
    - Anyline (= 7)
    - Flutter
  - Flutter (1.0.0)

DEPENDENCIES:
  - anyline_meter_reading (from `.symlinks/plugins/anyline_meter_reading/ios`)
  - Flutter (from `.symlinks/flutter/ios`)

SPEC REPOS:
  trunk:
    - Anyline

EXTERNAL SOURCES:
  anyline_meter_reading:
    :path: ".symlinks/plugins/anyline_meter_reading/ios"
  Flutter:
    :path: ".symlinks/flutter/ios"

SPEC CHECKSUMS:
  Anyline: b203525476d1f803a0e639da3bc82b1660894acc
  anyline_meter_reading: 171b938374c76b7a82dcbd1ed9f1e3b6b6bf2402
  Flutter: 0e3d915762c693b495b44d77113d4970485de6ec

PODFILE CHECKSUM: b6a0a141693093b304368d08511b46cf3d1d0ac5

COCOAPODS: 1.8.4
